// !$*UTF8*$!
{
	archiveVersion = 1;
	classes = {
	};
	objectVersion = 77;
	objects = {

/* Begin PBXBuildFile section */
		CE5F96352CBEE3AB007E6F3C /* NameTextField.swift in Sources */ = {isa = PBXBuildFile; fileRef = CE5F96342CBEE3AB007E6F3C /* NameTextField.swift */; };
		CE5F96372CBEE3D0007E6F3C /* EmailTextField.swift in Sources */ = {isa = PBXBuildFile; fileRef = CE5F96362CBEE3D0007E6F3C /* EmailTextField.swift */; };
		CE5F96392CBEE3F2007E6F3C /* PhoneTextField.swift in Sources */ = {isa = PBXBuildFile; fileRef = CE5F96382CBEE3F2007E6F3C /* PhoneTextField.swift */; };
		CE5F963B2CBEED05007E6F3C /* FocusedField.swift in Sources */ = {isa = PBXBuildFile; fileRef = CE5F963A2CBEED05007E6F3C /* FocusedField.swift */; };
		CE5F963F2CBFBD9A007E6F3C /* FieldState.swift in Sources */ = {isa = PBXBuildFile; fileRef = CE5F963E2CBFBD99007E6F3C /* FieldState.swift */; };
		CE5F96412CBFFC39007E6F3C /* Constants.swift in Sources */ = {isa = PBXBuildFile; fileRef = CE5F96402CBFFC39007E6F3C /* Constants.swift */; };
		CE5F96442CC0384D007E6F3C /* UserPositionsRequest.swift in Sources */ = {isa = PBXBuildFile; fileRef = CE5F96432CC0384D007E6F3C /* UserPositionsRequest.swift */; };
		CE5F96462CC03AC4007E6F3C /* PositionsResponse.swift in Sources */ = {isa = PBXBuildFile; fileRef = CE5F96452CC03AC4007E6F3C /* PositionsResponse.swift */; };
		CE5F96492CC04332007E6F3C /* CheckToggleStyle.swift in Sources */ = {isa = PBXBuildFile; fileRef = CE5F96482CC04332007E6F3C /* CheckToggleStyle.swift */; };
		CE5F964F2CC3A7AE007E6F3C /* NewUser.swift in Sources */ = {isa = PBXBuildFile; fileRef = CE5F964E2CC3A7AE007E6F3C /* NewUser.swift */; };
		CE5F96532CC4DE61007E6F3C /* PositionToggleView.swift in Sources */ = {isa = PBXBuildFile; fileRef = CE5F96522CC4DE61007E6F3C /* PositionToggleView.swift */; };
		CE5F96562CC501E4007E6F3C /* UserCredentialsSectionView.swift in Sources */ = {isa = PBXBuildFile; fileRef = CE5F96552CC501E4007E6F3C /* UserCredentialsSectionView.swift */; };
		CE5F96582CC503FC007E6F3C /* UserPositionSectionView.swift in Sources */ = {isa = PBXBuildFile; fileRef = CE5F96572CC503FC007E6F3C /* UserPositionSectionView.swift */; };
		CE5F965B2CC50585007E6F3C /* MockUserData.swift in Sources */ = {isa = PBXBuildFile; fileRef = CE5F965A2CC50585007E6F3C /* MockUserData.swift */; };
		CE5F965D2CC51AEF007E6F3C /* UserPhotoSectionView.swift in Sources */ = {isa = PBXBuildFile; fileRef = CE5F965C2CC51AEF007E6F3C /* UserPhotoSectionView.swift */; };
		CE5F965F2CC52AB3007E6F3C /* CameraPickerView.swift in Sources */ = {isa = PBXBuildFile; fileRef = CE5F965E2CC52AB3007E6F3C /* CameraPickerView.swift */; };
		CE5F96632CC53378007E6F3C /* PhotoPickerMenuView.swift in Sources */ = {isa = PBXBuildFile; fileRef = CE5F96622CC53378007E6F3C /* PhotoPickerMenuView.swift */; };
		CE5F96652CC55B15007E6F3C /* SourceType.swift in Sources */ = {isa = PBXBuildFile; fileRef = CE5F96642CC55B15007E6F3C /* SourceType.swift */; };
		CE5F96672CC57A3B007E6F3C /* GalleryPickerView.swift in Sources */ = {isa = PBXBuildFile; fileRef = CE5F96662CC57A3B007E6F3C /* GalleryPickerView.swift */; };
		CEC5DE7D2CB5535100F5EB4C /* Preview Assets.xcassets in Resources */ = {isa = PBXBuildFile; fileRef = CEC5DE632CB5535100F5EB4C /* Preview Assets.xcassets */; };
		CEC5DE7E2CB5535100F5EB4C /* Assets.xcassets in Resources */ = {isa = PBXBuildFile; fileRef = CEC5DE782CB5535100F5EB4C /* Assets.xcassets */; };
		CEC5DE802CB5535100F5EB4C /* Localizable.xcstrings in Resources */ = {isa = PBXBuildFile; fileRef = CEC5DE7B2CB5535100F5EB4C /* Localizable.xcstrings */; };
		CEC5DE812CB5535100F5EB4C /* UsersResponse.swift in Sources */ = {isa = PBXBuildFile; fileRef = CEC5DE4B2CB5535100F5EB4C /* UsersResponse.swift */; };
		CEC5DE822CB5535100F5EB4C /* ApiManager.swift in Sources */ = {isa = PBXBuildFile; fileRef = CEC5DE4D2CB5535100F5EB4C /* ApiManager.swift */; };
		CEC5DE832CB5535100F5EB4C /* ApiManagerProtocol.swift in Sources */ = {isa = PBXBuildFile; fileRef = CEC5DE4E2CB5535100F5EB4C /* ApiManagerProtocol.swift */; };
		CEC5DE842CB5535100F5EB4C /* ReguestManager.swift in Sources */ = {isa = PBXBuildFile; fileRef = CEC5DE502CB5535100F5EB4C /* ReguestManager.swift */; };
		CEC5DE852CB5535100F5EB4C /* ReguestManagerProtocol.swift in Sources */ = {isa = PBXBuildFile; fileRef = CEC5DE512CB5535100F5EB4C /* ReguestManagerProtocol.swift */; };
		CEC5DE862CB5535100F5EB4C /* RequestManager+Extensions.swift in Sources */ = {isa = PBXBuildFile; fileRef = CEC5DE522CB5535100F5EB4C /* RequestManager+Extensions.swift */; };
		CEC5DE872CB5535100F5EB4C /* NetworkConnectionMonitor.swift in Sources */ = {isa = PBXBuildFile; fileRef = CEC5DE542CB5535100F5EB4C /* NetworkConnectionMonitor.swift */; };
		CEC5DE882CB5535100F5EB4C /* NetworkError.swift in Sources */ = {isa = PBXBuildFile; fileRef = CEC5DE552CB5535100F5EB4C /* NetworkError.swift */; };
		CEC5DE892CB5535100F5EB4C /* DataParser.swift in Sources */ = {isa = PBXBuildFile; fileRef = CEC5DE572CB5535100F5EB4C /* DataParser.swift */; };
		CEC5DE8A2CB5535100F5EB4C /* DataParserProtocol.swift in Sources */ = {isa = PBXBuildFile; fileRef = CEC5DE582CB5535100F5EB4C /* DataParserProtocol.swift */; };
		CEC5DE8B2CB5535100F5EB4C /* RequestProtocol.swift in Sources */ = {isa = PBXBuildFile; fileRef = CEC5DE5A2CB5535100F5EB4C /* RequestProtocol.swift */; };
		CEC5DE8C2CB5535100F5EB4C /* RequestProtocol+Extensions.swift in Sources */ = {isa = PBXBuildFile; fileRef = CEC5DE5B2CB5535100F5EB4C /* RequestProtocol+Extensions.swift */; };
		CEC5DE8D2CB5535100F5EB4C /* RequestType.swift in Sources */ = {isa = PBXBuildFile; fileRef = CEC5DE5E2CB5535100F5EB4C /* RequestType.swift */; };
		CEC5DE8E2CB5535100F5EB4C /* ApiConstants.swift in Sources */ = {isa = PBXBuildFile; fileRef = CEC5DE602CB5535100F5EB4C /* ApiConstants.swift */; };
		CEC5DE8F2CB5535100F5EB4C /* RegistrationView.swift in Sources */ = {isa = PBXBuildFile; fileRef = CEC5DE652CB5535100F5EB4C /* RegistrationView.swift */; };
		CEC5DE902CB5535100F5EB4C /* RegistrationViewModel.swift in Sources */ = {isa = PBXBuildFile; fileRef = CEC5DE662CB5535100F5EB4C /* RegistrationViewModel.swift */; };
		CEC5DE912CB5535100F5EB4C /* HeaderTextView.swift in Sources */ = {isa = PBXBuildFile; fileRef = CEC5DE682CB5535100F5EB4C /* HeaderTextView.swift */; };
		CEC5DE922CB5535100F5EB4C /* MainTabBarView.swift in Sources */ = {isa = PBXBuildFile; fileRef = CEC5DE6A2CB5535100F5EB4C /* MainTabBarView.swift */; };
		CEC5DE932CB5535100F5EB4C /* TabBarItemView.swift in Sources */ = {isa = PBXBuildFile; fileRef = CEC5DE6B2CB5535100F5EB4C /* TabBarItemView.swift */; };
		CEC5DE942CB5535100F5EB4C /* TabbedItems.swift in Sources */ = {isa = PBXBuildFile; fileRef = CEC5DE6C2CB5535100F5EB4C /* TabbedItems.swift */; };
		CEC5DE952CB5535100F5EB4C /* NoConnectionView.swift in Sources */ = {isa = PBXBuildFile; fileRef = CEC5DE6E2CB5535100F5EB4C /* NoConnectionView.swift */; };
		CEC5DE962CB5535100F5EB4C /* UsersView.swift in Sources */ = {isa = PBXBuildFile; fileRef = CEC5DE702CB5535100F5EB4C /* UsersView.swift */; };
		CEC5DE972CB5535100F5EB4C /* UsersViewModel.swift in Sources */ = {isa = PBXBuildFile; fileRef = CEC5DE712CB5535100F5EB4C /* UsersViewModel.swift */; };
		CEC5DE982CB5535100F5EB4C /* PrimaryFilledButtonStyle.swift in Sources */ = {isa = PBXBuildFile; fileRef = CEC5DE742CB5535100F5EB4C /* PrimaryFilledButtonStyle.swift */; };
		CEC5DE992CB5535100F5EB4C /* AbzTESTTASKApp.swift in Sources */ = {isa = PBXBuildFile; fileRef = CEC5DE772CB5535100F5EB4C /* AbzTESTTASKApp.swift */; };
		CEC5DE9A2CB5535100F5EB4C /* ContentView.swift in Sources */ = {isa = PBXBuildFile; fileRef = CEC5DE792CB5535100F5EB4C /* ContentView.swift */; };
		CEC5DEA02CB55F3000F5EB4C /* UsersRequest.swift in Sources */ = {isa = PBXBuildFile; fileRef = CEC5DE9F2CB55F3000F5EB4C /* UsersRequest.swift */; };
		CEC5DEAD2CB57E0900F5EB4C /* APIToken.swift in Sources */ = {isa = PBXBuildFile; fileRef = CEC5DEAC2CB57E0900F5EB4C /* APIToken.swift */; };
		CEC5DEB02CB57F9500F5EB4C /* AuthTokenRequest.swift in Sources */ = {isa = PBXBuildFile; fileRef = CEC5DEAF2CB57F9500F5EB4C /* AuthTokenRequest.swift */; };
		CEC5DEB92CB5CAC500F5EB4C /* NoUsersView.swift in Sources */ = {isa = PBXBuildFile; fileRef = CEC5DEB82CB5CAC500F5EB4C /* NoUsersView.swift */; };
		CEC5DEBB2CB5CE0300F5EB4C /* UsersListView.swift in Sources */ = {isa = PBXBuildFile; fileRef = CEC5DEBA2CB5CE0300F5EB4C /* UsersListView.swift */; };
		CEC5DEBD2CB5D6AD00F5EB4C /* UserListRowView.swift in Sources */ = {isa = PBXBuildFile; fileRef = CEC5DEBC2CB5D6AD00F5EB4C /* UserListRowView.swift */; };
/* End PBXBuildFile section */

/* Begin PBXFileReference section */
		CE5F96342CBEE3AB007E6F3C /* NameTextField.swift */ = {isa = PBXFileReference; lastKnownFileType = sourcecode.swift; path = NameTextField.swift; sourceTree = "<group>"; };
		CE5F96362CBEE3D0007E6F3C /* EmailTextField.swift */ = {isa = PBXFileReference; lastKnownFileType = sourcecode.swift; path = EmailTextField.swift; sourceTree = "<group>"; };
		CE5F96382CBEE3F2007E6F3C /* PhoneTextField.swift */ = {isa = PBXFileReference; lastKnownFileType = sourcecode.swift; path = PhoneTextField.swift; sourceTree = "<group>"; };
		CE5F963A2CBEED05007E6F3C /* FocusedField.swift */ = {isa = PBXFileReference; lastKnownFileType = sourcecode.swift; path = FocusedField.swift; sourceTree = "<group>"; };
		CE5F963E2CBFBD99007E6F3C /* FieldState.swift */ = {isa = PBXFileReference; lastKnownFileType = sourcecode.swift; path = FieldState.swift; sourceTree = "<group>"; };
		CE5F96402CBFFC39007E6F3C /* Constants.swift */ = {isa = PBXFileReference; lastKnownFileType = sourcecode.swift; path = Constants.swift; sourceTree = "<group>"; };
		CE5F96432CC0384D007E6F3C /* UserPositionsRequest.swift */ = {isa = PBXFileReference; lastKnownFileType = sourcecode.swift; path = UserPositionsRequest.swift; sourceTree = "<group>"; };
		CE5F96452CC03AC4007E6F3C /* PositionsResponse.swift */ = {isa = PBXFileReference; lastKnownFileType = sourcecode.swift; path = PositionsResponse.swift; sourceTree = "<group>"; };
		CE5F96482CC04332007E6F3C /* CheckToggleStyle.swift */ = {isa = PBXFileReference; lastKnownFileType = sourcecode.swift; path = CheckToggleStyle.swift; sourceTree = "<group>"; };
		CE5F964E2CC3A7AE007E6F3C /* NewUser.swift */ = {isa = PBXFileReference; lastKnownFileType = sourcecode.swift; path = NewUser.swift; sourceTree = "<group>"; };
		CE5F96522CC4DE61007E6F3C /* PositionToggleView.swift */ = {isa = PBXFileReference; lastKnownFileType = sourcecode.swift; path = PositionToggleView.swift; sourceTree = "<group>"; };
		CE5F96552CC501E4007E6F3C /* UserCredentialsSectionView.swift */ = {isa = PBXFileReference; lastKnownFileType = sourcecode.swift; path = UserCredentialsSectionView.swift; sourceTree = "<group>"; };
		CE5F96572CC503FC007E6F3C /* UserPositionSectionView.swift */ = {isa = PBXFileReference; lastKnownFileType = sourcecode.swift; path = UserPositionSectionView.swift; sourceTree = "<group>"; };
		CE5F965A2CC50585007E6F3C /* MockUserData.swift */ = {isa = PBXFileReference; lastKnownFileType = sourcecode.swift; path = MockUserData.swift; sourceTree = "<group>"; };
		CE5F965C2CC51AEF007E6F3C /* UserPhotoSectionView.swift */ = {isa = PBXFileReference; lastKnownFileType = sourcecode.swift; path = UserPhotoSectionView.swift; sourceTree = "<group>"; };
		CE5F965E2CC52AB3007E6F3C /* CameraPickerView.swift */ = {isa = PBXFileReference; lastKnownFileType = sourcecode.swift; path = CameraPickerView.swift; sourceTree = "<group>"; };
		CE5F96622CC53378007E6F3C /* PhotoPickerMenuView.swift */ = {isa = PBXFileReference; lastKnownFileType = sourcecode.swift; path = PhotoPickerMenuView.swift; sourceTree = "<group>"; };
		CE5F96642CC55B15007E6F3C /* SourceType.swift */ = {isa = PBXFileReference; lastKnownFileType = sourcecode.swift; path = SourceType.swift; sourceTree = "<group>"; };
		CE5F96662CC57A3B007E6F3C /* GalleryPickerView.swift */ = {isa = PBXFileReference; lastKnownFileType = sourcecode.swift; path = GalleryPickerView.swift; sourceTree = "<group>"; };
		CEC5DE4B2CB5535100F5EB4C /* UsersResponse.swift */ = {isa = PBXFileReference; lastKnownFileType = sourcecode.swift; path = UsersResponse.swift; sourceTree = "<group>"; };
		CEC5DE4D2CB5535100F5EB4C /* ApiManager.swift */ = {isa = PBXFileReference; lastKnownFileType = sourcecode.swift; path = ApiManager.swift; sourceTree = "<group>"; };
		CEC5DE4E2CB5535100F5EB4C /* ApiManagerProtocol.swift */ = {isa = PBXFileReference; lastKnownFileType = sourcecode.swift; path = ApiManagerProtocol.swift; sourceTree = "<group>"; };
		CEC5DE502CB5535100F5EB4C /* ReguestManager.swift */ = {isa = PBXFileReference; lastKnownFileType = sourcecode.swift; path = ReguestManager.swift; sourceTree = "<group>"; };
		CEC5DE512CB5535100F5EB4C /* ReguestManagerProtocol.swift */ = {isa = PBXFileReference; lastKnownFileType = sourcecode.swift; path = ReguestManagerProtocol.swift; sourceTree = "<group>"; };
		CEC5DE522CB5535100F5EB4C /* RequestManager+Extensions.swift */ = {isa = PBXFileReference; lastKnownFileType = sourcecode.swift; path = "RequestManager+Extensions.swift"; sourceTree = "<group>"; };
		CEC5DE542CB5535100F5EB4C /* NetworkConnectionMonitor.swift */ = {isa = PBXFileReference; lastKnownFileType = sourcecode.swift; path = NetworkConnectionMonitor.swift; sourceTree = "<group>"; };
		CEC5DE552CB5535100F5EB4C /* NetworkError.swift */ = {isa = PBXFileReference; lastKnownFileType = sourcecode.swift; path = NetworkError.swift; sourceTree = "<group>"; };
		CEC5DE572CB5535100F5EB4C /* DataParser.swift */ = {isa = PBXFileReference; lastKnownFileType = sourcecode.swift; path = DataParser.swift; sourceTree = "<group>"; };
		CEC5DE582CB5535100F5EB4C /* DataParserProtocol.swift */ = {isa = PBXFileReference; lastKnownFileType = sourcecode.swift; path = DataParserProtocol.swift; sourceTree = "<group>"; };
		CEC5DE5A2CB5535100F5EB4C /* RequestProtocol.swift */ = {isa = PBXFileReference; lastKnownFileType = sourcecode.swift; path = RequestProtocol.swift; sourceTree = "<group>"; };
		CEC5DE5B2CB5535100F5EB4C /* RequestProtocol+Extensions.swift */ = {isa = PBXFileReference; lastKnownFileType = sourcecode.swift; path = "RequestProtocol+Extensions.swift"; sourceTree = "<group>"; };
		CEC5DE5E2CB5535100F5EB4C /* RequestType.swift */ = {isa = PBXFileReference; lastKnownFileType = sourcecode.swift; path = RequestType.swift; sourceTree = "<group>"; };
		CEC5DE602CB5535100F5EB4C /* ApiConstants.swift */ = {isa = PBXFileReference; lastKnownFileType = sourcecode.swift; path = ApiConstants.swift; sourceTree = "<group>"; };
		CEC5DE632CB5535100F5EB4C /* Preview Assets.xcassets */ = {isa = PBXFileReference; lastKnownFileType = folder.assetcatalog; path = "Preview Assets.xcassets"; sourceTree = "<group>"; };
		CEC5DE652CB5535100F5EB4C /* RegistrationView.swift */ = {isa = PBXFileReference; lastKnownFileType = sourcecode.swift; path = RegistrationView.swift; sourceTree = "<group>"; };
		CEC5DE662CB5535100F5EB4C /* RegistrationViewModel.swift */ = {isa = PBXFileReference; lastKnownFileType = sourcecode.swift; path = RegistrationViewModel.swift; sourceTree = "<group>"; };
		CEC5DE682CB5535100F5EB4C /* HeaderTextView.swift */ = {isa = PBXFileReference; lastKnownFileType = sourcecode.swift; path = HeaderTextView.swift; sourceTree = "<group>"; };
		CEC5DE6A2CB5535100F5EB4C /* MainTabBarView.swift */ = {isa = PBXFileReference; lastKnownFileType = sourcecode.swift; path = MainTabBarView.swift; sourceTree = "<group>"; };
		CEC5DE6B2CB5535100F5EB4C /* TabBarItemView.swift */ = {isa = PBXFileReference; lastKnownFileType = sourcecode.swift; path = TabBarItemView.swift; sourceTree = "<group>"; };
		CEC5DE6C2CB5535100F5EB4C /* TabbedItems.swift */ = {isa = PBXFileReference; lastKnownFileType = sourcecode.swift; path = TabbedItems.swift; sourceTree = "<group>"; };
		CEC5DE6E2CB5535100F5EB4C /* NoConnectionView.swift */ = {isa = PBXFileReference; lastKnownFileType = sourcecode.swift; path = NoConnectionView.swift; sourceTree = "<group>"; };
		CEC5DE702CB5535100F5EB4C /* UsersView.swift */ = {isa = PBXFileReference; lastKnownFileType = sourcecode.swift; path = UsersView.swift; sourceTree = "<group>"; };
		CEC5DE712CB5535100F5EB4C /* UsersViewModel.swift */ = {isa = PBXFileReference; lastKnownFileType = sourcecode.swift; path = UsersViewModel.swift; sourceTree = "<group>"; };
		CEC5DE742CB5535100F5EB4C /* PrimaryFilledButtonStyle.swift */ = {isa = PBXFileReference; lastKnownFileType = sourcecode.swift; path = PrimaryFilledButtonStyle.swift; sourceTree = "<group>"; };
		CEC5DE772CB5535100F5EB4C /* AbzTESTTASKApp.swift */ = {isa = PBXFileReference; lastKnownFileType = sourcecode.swift; path = AbzTESTTASKApp.swift; sourceTree = "<group>"; };
		CEC5DE782CB5535100F5EB4C /* Assets.xcassets */ = {isa = PBXFileReference; lastKnownFileType = folder.assetcatalog; path = Assets.xcassets; sourceTree = "<group>"; };
		CEC5DE792CB5535100F5EB4C /* ContentView.swift */ = {isa = PBXFileReference; lastKnownFileType = sourcecode.swift; path = ContentView.swift; sourceTree = "<group>"; };
		CEC5DE7A2CB5535100F5EB4C /* Info.plist */ = {isa = PBXFileReference; lastKnownFileType = text.plist.xml; path = Info.plist; sourceTree = "<group>"; };
		CEC5DE7B2CB5535100F5EB4C /* Localizable.xcstrings */ = {isa = PBXFileReference; lastKnownFileType = text.json.xcstrings; path = Localizable.xcstrings; sourceTree = "<group>"; };
		CEC5DE9F2CB55F3000F5EB4C /* UsersRequest.swift */ = {isa = PBXFileReference; lastKnownFileType = sourcecode.swift; path = UsersRequest.swift; sourceTree = "<group>"; };
		CEC5DEAC2CB57E0900F5EB4C /* APIToken.swift */ = {isa = PBXFileReference; lastKnownFileType = sourcecode.swift; path = APIToken.swift; sourceTree = "<group>"; };
		CEC5DEAF2CB57F9500F5EB4C /* AuthTokenRequest.swift */ = {isa = PBXFileReference; lastKnownFileType = sourcecode.swift; path = AuthTokenRequest.swift; sourceTree = "<group>"; };
		CEC5DEB82CB5CAC500F5EB4C /* NoUsersView.swift */ = {isa = PBXFileReference; lastKnownFileType = sourcecode.swift; path = NoUsersView.swift; sourceTree = "<group>"; };
		CEC5DEBA2CB5CE0300F5EB4C /* UsersListView.swift */ = {isa = PBXFileReference; lastKnownFileType = sourcecode.swift; path = UsersListView.swift; sourceTree = "<group>"; };
		CEC5DEBC2CB5D6AD00F5EB4C /* UserListRowView.swift */ = {isa = PBXFileReference; lastKnownFileType = sourcecode.swift; path = UserListRowView.swift; sourceTree = "<group>"; };
		CEEB143A2CABE50200FA0F65 /* AbzTESTTASK.app */ = {isa = PBXFileReference; explicitFileType = wrapper.application; includeInIndex = 0; path = AbzTESTTASK.app; sourceTree = BUILT_PRODUCTS_DIR; };
/* End PBXFileReference section */

/* Begin PBXFrameworksBuildPhase section */
		CEEB14372CABE50200FA0F65 /* Frameworks */ = {
			isa = PBXFrameworksBuildPhase;
			buildActionMask = 2147483647;
			files = (
			);
			runOnlyForDeploymentPostprocessing = 0;
		};
/* End PBXFrameworksBuildPhase section */

/* Begin PBXGroup section */
		CE5F96332CBEE365007E6F3C /* Elements */ = {
			isa = PBXGroup;
			children = (
				CE5F96542CC500FB007E6F3C /* Enums */,
				CE5F96342CBEE3AB007E6F3C /* NameTextField.swift */,
				CE5F96362CBEE3D0007E6F3C /* EmailTextField.swift */,
				CE5F96382CBEE3F2007E6F3C /* PhoneTextField.swift */,
				CE5F96522CC4DE61007E6F3C /* PositionToggleView.swift */,
				CE5F96552CC501E4007E6F3C /* UserCredentialsSectionView.swift */,
				CE5F96572CC503FC007E6F3C /* UserPositionSectionView.swift */,
				CE5F965C2CC51AEF007E6F3C /* UserPhotoSectionView.swift */,
				CE5F96622CC53378007E6F3C /* PhotoPickerMenuView.swift */,
			);
			path = Elements;
			sourceTree = "<group>";
		};
		CE5F96422CC037E5007E6F3C /* UserPositionsRequest */ = {
			isa = PBXGroup;
			children = (
				CE5F96432CC0384D007E6F3C /* UserPositionsRequest.swift */,
			);
			path = UserPositionsRequest;
			sourceTree = "<group>";
		};
		CE5F96472CC04253007E6F3C /* ToggleStyles */ = {
			isa = PBXGroup;
			children = (
				CE5F96482CC04332007E6F3C /* CheckToggleStyle.swift */,
			);
			path = ToggleStyles;
			sourceTree = "<group>";
		};
		CE5F96502CC3A7B7007E6F3C /* GET */ = {
			isa = PBXGroup;
			children = (
				CEC5DE4B2CB5535100F5EB4C /* UsersResponse.swift */,
				CEC5DEAC2CB57E0900F5EB4C /* APIToken.swift */,
				CE5F96452CC03AC4007E6F3C /* PositionsResponse.swift */,
			);
			path = GET;
			sourceTree = "<group>";
		};
		CE5F96512CC3A7C5007E6F3C /* POST */ = {
			isa = PBXGroup;
			children = (
				CE5F964E2CC3A7AE007E6F3C /* NewUser.swift */,
			);
			path = POST;
			sourceTree = "<group>";
		};
		CE5F96542CC500FB007E6F3C /* Enums */ = {
			isa = PBXGroup;
			children = (
				CE5F963A2CBEED05007E6F3C /* FocusedField.swift */,
				CE5F963E2CBFBD99007E6F3C /* FieldState.swift */,
				CE5F96642CC55B15007E6F3C /* SourceType.swift */,
			);
			path = Enums;
			sourceTree = "<group>";
		};
		CE5F96592CC50512007E6F3C /* MockData */ = {
			isa = PBXGroup;
			children = (
				CE5F965A2CC50585007E6F3C /* MockUserData.swift */,
			);
			path = MockData;
			sourceTree = "<group>";
		};
		CE5F96682CC57C66007E6F3C /* CameraPickerView */ = {
			isa = PBXGroup;
			children = (
				CE5F965E2CC52AB3007E6F3C /* CameraPickerView.swift */,
			);
			path = CameraPickerView;
			sourceTree = "<group>";
		};
		CE5F966B2CC57CB0007E6F3C /* GalleryPickerView */ = {
			isa = PBXGroup;
			children = (
				CE5F96662CC57A3B007E6F3C /* GalleryPickerView.swift */,
			);
			path = GalleryPickerView;
			sourceTree = "<group>";
		};
		CEC5DE4F2CB5535100F5EB4C /* ApiManager */ = {
			isa = PBXGroup;
			children = (
				CEC5DE4D2CB5535100F5EB4C /* ApiManager.swift */,
				CEC5DE4E2CB5535100F5EB4C /* ApiManagerProtocol.swift */,
			);
			path = ApiManager;
			sourceTree = "<group>";
		};
		CEC5DE532CB5535100F5EB4C /* RequestManager */ = {
			isa = PBXGroup;
			children = (
				CEC5DE502CB5535100F5EB4C /* ReguestManager.swift */,
				CEC5DE512CB5535100F5EB4C /* ReguestManagerProtocol.swift */,
				CEC5DE522CB5535100F5EB4C /* RequestManager+Extensions.swift */,
			);
			path = RequestManager;
			sourceTree = "<group>";
		};
		CEC5DE562CB5535100F5EB4C /* Network */ = {
			isa = PBXGroup;
			children = (
				CEC5DE4F2CB5535100F5EB4C /* ApiManager */,
				CEC5DE532CB5535100F5EB4C /* RequestManager */,
				CEC5DE552CB5535100F5EB4C /* NetworkError.swift */,
				CEC5DE602CB5535100F5EB4C /* ApiConstants.swift */,
			);
			path = Network;
			sourceTree = "<group>";
		};
		CEC5DE592CB5535100F5EB4C /* Parser */ = {
			isa = PBXGroup;
			children = (
				CEC5DE572CB5535100F5EB4C /* DataParser.swift */,
				CEC5DE582CB5535100F5EB4C /* DataParserProtocol.swift */,
			);
			path = Parser;
			sourceTree = "<group>";
		};
		CEC5DE5C2CB5535100F5EB4C /* RequestProtocol */ = {
			isa = PBXGroup;
			children = (
				CEC5DE5A2CB5535100F5EB4C /* RequestProtocol.swift */,
				CEC5DE5B2CB5535100F5EB4C /* RequestProtocol+Extensions.swift */,
				CEC5DE5E2CB5535100F5EB4C /* RequestType.swift */,
			);
			path = RequestProtocol;
			sourceTree = "<group>";
		};
		CEC5DE5D2CB5535100F5EB4C /* UsersRequest */ = {
			isa = PBXGroup;
			children = (
				CEC5DE9F2CB55F3000F5EB4C /* UsersRequest.swift */,
			);
			path = UsersRequest;
			sourceTree = "<group>";
		};
		CEC5DE5F2CB5535100F5EB4C /* Requests */ = {
			isa = PBXGroup;
			children = (
				CE5F96422CC037E5007E6F3C /* UserPositionsRequest */,
				CEC5DEAE2CB57F7000F5EB4C /* AuthTokenRequest */,
				CEC5DE5D2CB5535100F5EB4C /* UsersRequest */,
				CEC5DE5C2CB5535100F5EB4C /* RequestProtocol */,
			);
			path = Requests;
			sourceTree = "<group>";
		};
		CEC5DE612CB5535100F5EB4C /* API */ = {
			isa = PBXGroup;
			children = (
				CEC5DE562CB5535100F5EB4C /* Network */,
				CEC5DE592CB5535100F5EB4C /* Parser */,
				CEC5DE5F2CB5535100F5EB4C /* Requests */,
			);
			path = API;
			sourceTree = "<group>";
		};
		CEC5DE622CB5535100F5EB4C /* Data */ = {
			isa = PBXGroup;
			children = (
				CE5F96592CC50512007E6F3C /* MockData */,
				CEC5DE612CB5535100F5EB4C /* API */,
			);
			path = Data;
			sourceTree = "<group>";
		};
		CEC5DE642CB5535100F5EB4C /* Preview Content */ = {
			isa = PBXGroup;
			children = (
				CEC5DE632CB5535100F5EB4C /* Preview Assets.xcassets */,
			);
			path = "Preview Content";
			sourceTree = "<group>";
		};
		CEC5DE672CB5535100F5EB4C /* RegistrationView */ = {
			isa = PBXGroup;
			children = (
				CE5F96332CBEE365007E6F3C /* Elements */,
				CEC5DE652CB5535100F5EB4C /* RegistrationView.swift */,
				CEC5DE662CB5535100F5EB4C /* RegistrationViewModel.swift */,
			);
			path = RegistrationView;
			sourceTree = "<group>";
		};
		CEC5DE692CB5535100F5EB4C /* Elements */ = {
			isa = PBXGroup;
			children = (
				CEC5DE682CB5535100F5EB4C /* HeaderTextView.swift */,
			);
			path = Elements;
			sourceTree = "<group>";
		};
		CEC5DE6D2CB5535100F5EB4C /* MainTabBarView */ = {
			isa = PBXGroup;
			children = (
				CEC5DE6A2CB5535100F5EB4C /* MainTabBarView.swift */,
				CEC5DE6B2CB5535100F5EB4C /* TabBarItemView.swift */,
				CEC5DE6C2CB5535100F5EB4C /* TabbedItems.swift */,
			);
			path = MainTabBarView;
			sourceTree = "<group>";
		};
		CEC5DE6F2CB5535100F5EB4C /* NoConnectionView */ = {
			isa = PBXGroup;
			children = (
				CEC5DE6E2CB5535100F5EB4C /* NoConnectionView.swift */,
			);
			path = NoConnectionView;
			sourceTree = "<group>";
		};
		CEC5DE722CB5535100F5EB4C /* UsersView */ = {
			isa = PBXGroup;
			children = (
				CEC5DE702CB5535100F5EB4C /* UsersView.swift */,
				CEC5DE712CB5535100F5EB4C /* UsersViewModel.swift */,
				CEC5DEB82CB5CAC500F5EB4C /* NoUsersView.swift */,
				CEC5DEBA2CB5CE0300F5EB4C /* UsersListView.swift */,
				CEC5DEBC2CB5D6AD00F5EB4C /* UserListRowView.swift */,
			);
			path = UsersView;
			sourceTree = "<group>";
		};
		CEC5DE732CB5535100F5EB4C /* Views */ = {
			isa = PBXGroup;
			children = (
				CEC5DE772CB5535100F5EB4C /* AbzTESTTASKApp.swift */,
				CEC5DE792CB5535100F5EB4C /* ContentView.swift */,
				CEC5DE6D2CB5535100F5EB4C /* MainTabBarView */,
				CEC5DE722CB5535100F5EB4C /* UsersView */,
				CEC5DE672CB5535100F5EB4C /* RegistrationView */,
				CE5F96682CC57C66007E6F3C /* CameraPickerView */,
				CE5F966B2CC57CB0007E6F3C /* GalleryPickerView */,
				CEC5DE692CB5535100F5EB4C /* Elements */,
				CEC5DE6F2CB5535100F5EB4C /* NoConnectionView */,
			);
			path = Views;
			sourceTree = "<group>";
		};
		CEC5DE752CB5535100F5EB4C /* ButtonStyles */ = {
			isa = PBXGroup;
			children = (
				CEC5DE742CB5535100F5EB4C /* PrimaryFilledButtonStyle.swift */,
			);
			path = ButtonStyles;
			sourceTree = "<group>";
		};
		CEC5DE762CB5535100F5EB4C /* ViewStyles */ = {
			isa = PBXGroup;
			children = (
				CE5F96472CC04253007E6F3C /* ToggleStyles */,
				CEC5DE752CB5535100F5EB4C /* ButtonStyles */,
			);
			path = ViewStyles;
			sourceTree = "<group>";
		};
		CEC5DE7C2CB5535100F5EB4C /* AbzTESTTASK */ = {
			isa = PBXGroup;
			children = (
				CEC5DE622CB5535100F5EB4C /* Data */,
				CEC5DEA12CB560FD00F5EB4C /* Domain */,
				CEC5DE9D2CB55DF300F5EB4C /* Localization */,
				CEC5DE642CB5535100F5EB4C /* Preview Content */,
				CEC5DE9E2CB55E1900F5EB4C /* Resources */,
				CEC5DEB12CB5B65C00F5EB4C /* Utils */,
				CEC5DE732CB5535100F5EB4C /* Views */,
				CEC5DE762CB5535100F5EB4C /* ViewStyles */,
				CEC5DE7A2CB5535100F5EB4C /* Info.plist */,
			);
			path = AbzTESTTASK;
			sourceTree = "<group>";
		};
		CEC5DE9D2CB55DF300F5EB4C /* Localization */ = {
			isa = PBXGroup;
			children = (
				CEC5DE7B2CB5535100F5EB4C /* Localizable.xcstrings */,
			);
			path = Localization;
			sourceTree = "<group>";
		};
		CEC5DE9E2CB55E1900F5EB4C /* Resources */ = {
			isa = PBXGroup;
			children = (
				CEC5DE782CB5535100F5EB4C /* Assets.xcassets */,
			);
			path = Resources;
			sourceTree = "<group>";
		};
		CEC5DEA12CB560FD00F5EB4C /* Domain */ = {
			isa = PBXGroup;
			children = (
				CEC5DEA22CB5611400F5EB4C /* ApiModels */,
			);
			path = Domain;
			sourceTree = "<group>";
		};
		CEC5DEA22CB5611400F5EB4C /* ApiModels */ = {
			isa = PBXGroup;
			children = (
				CE5F96512CC3A7C5007E6F3C /* POST */,
				CE5F96502CC3A7B7007E6F3C /* GET */,
			);
			path = ApiModels;
			sourceTree = "<group>";
		};
		CEC5DEAE2CB57F7000F5EB4C /* AuthTokenRequest */ = {
			isa = PBXGroup;
			children = (
				CEC5DEAF2CB57F9500F5EB4C /* AuthTokenRequest.swift */,
			);
			path = AuthTokenRequest;
			sourceTree = "<group>";
		};
		CEC5DEB12CB5B65C00F5EB4C /* Utils */ = {
			isa = PBXGroup;
			children = (
				CEC5DE542CB5535100F5EB4C /* NetworkConnectionMonitor.swift */,
				CE5F96402CBFFC39007E6F3C /* Constants.swift */,
			);
			path = Utils;
			sourceTree = "<group>";
		};
		CEEB14312CABE50200FA0F65 = {
			isa = PBXGroup;
			children = (
				CEC5DE7C2CB5535100F5EB4C /* AbzTESTTASK */,
				CEEB143B2CABE50200FA0F65 /* Products */,
			);
			sourceTree = "<group>";
		};
		CEEB143B2CABE50200FA0F65 /* Products */ = {
			isa = PBXGroup;
			children = (
				CEEB143A2CABE50200FA0F65 /* AbzTESTTASK.app */,
			);
			name = Products;
			sourceTree = "<group>";
		};
/* End PBXGroup section */

/* Begin PBXNativeTarget section */
		CEEB14392CABE50200FA0F65 /* AbzTESTTASK */ = {
			isa = PBXNativeTarget;
			buildConfigurationList = CEEB14482CABE50400FA0F65 /* Build configuration list for PBXNativeTarget "AbzTESTTASK" */;
			buildPhases = (
				CEEB14362CABE50200FA0F65 /* Sources */,
				CEEB14372CABE50200FA0F65 /* Frameworks */,
				CEEB14382CABE50200FA0F65 /* Resources */,
			);
			buildRules = (
			);
			dependencies = (
			);
			name = AbzTESTTASK;
			packageProductDependencies = (
			);
			productName = AbzTESTTASK;
			productReference = CEEB143A2CABE50200FA0F65 /* AbzTESTTASK.app */;
			productType = "com.apple.product-type.application";
		};
/* End PBXNativeTarget section */

/* Begin PBXProject section */
		CEEB14322CABE50200FA0F65 /* Project object */ = {
			isa = PBXProject;
			attributes = {
				BuildIndependentTargetsInParallel = 1;
				LastSwiftUpdateCheck = 1600;
				LastUpgradeCheck = 1600;
				TargetAttributes = {
					CEEB14392CABE50200FA0F65 = {
						CreatedOnToolsVersion = 16.0;
					};
				};
			};
			buildConfigurationList = CEEB14352CABE50200FA0F65 /* Build configuration list for PBXProject "AbzTESTTASK" */;
			developmentRegion = en;
			hasScannedForEncodings = 0;
			knownRegions = (
				en,
				Base,
				uk,
			);
			mainGroup = CEEB14312CABE50200FA0F65;
			minimizedProjectReferenceProxies = 1;
			preferredProjectObjectVersion = 77;
			productRefGroup = CEEB143B2CABE50200FA0F65 /* Products */;
			projectDirPath = "";
			projectRoot = "";
			targets = (
				CEEB14392CABE50200FA0F65 /* AbzTESTTASK */,
			);
		};
/* End PBXProject section */

/* Begin PBXResourcesBuildPhase section */
		CEEB14382CABE50200FA0F65 /* Resources */ = {
			isa = PBXResourcesBuildPhase;
			buildActionMask = 2147483647;
			files = (
				CEC5DE7D2CB5535100F5EB4C /* Preview Assets.xcassets in Resources */,
				CEC5DE7E2CB5535100F5EB4C /* Assets.xcassets in Resources */,
				CEC5DE802CB5535100F5EB4C /* Localizable.xcstrings in Resources */,
			);
			runOnlyForDeploymentPostprocessing = 0;
		};
/* End PBXResourcesBuildPhase section */

/* Begin PBXSourcesBuildPhase section */
		CEEB14362CABE50200FA0F65 /* Sources */ = {
			isa = PBXSourcesBuildPhase;
			buildActionMask = 2147483647;
			files = (
				CEC5DEBD2CB5D6AD00F5EB4C /* UserListRowView.swift in Sources */,
				CE5F96352CBEE3AB007E6F3C /* NameTextField.swift in Sources */,
				CE5F965B2CC50585007E6F3C /* MockUserData.swift in Sources */,
				CE5F96372CBEE3D0007E6F3C /* EmailTextField.swift in Sources */,
				CE5F965F2CC52AB3007E6F3C /* CameraPickerView.swift in Sources */,
				CE5F965D2CC51AEF007E6F3C /* UserPhotoSectionView.swift in Sources */,
				CEC5DE812CB5535100F5EB4C /* UsersResponse.swift in Sources */,
				CEC5DE822CB5535100F5EB4C /* ApiManager.swift in Sources */,
				CEC5DE832CB5535100F5EB4C /* ApiManagerProtocol.swift in Sources */,
				CEC5DE842CB5535100F5EB4C /* ReguestManager.swift in Sources */,
				CEC5DEB92CB5CAC500F5EB4C /* NoUsersView.swift in Sources */,
				CEC5DE852CB5535100F5EB4C /* ReguestManagerProtocol.swift in Sources */,
				CEC5DE862CB5535100F5EB4C /* RequestManager+Extensions.swift in Sources */,
				CE5F96492CC04332007E6F3C /* CheckToggleStyle.swift in Sources */,
				CE5F96392CBEE3F2007E6F3C /* PhoneTextField.swift in Sources */,
				CE5F963B2CBEED05007E6F3C /* FocusedField.swift in Sources */,
				CE5F96672CC57A3B007E6F3C /* GalleryPickerView.swift in Sources */,
				CE5F964F2CC3A7AE007E6F3C /* NewUser.swift in Sources */,
				CEC5DE872CB5535100F5EB4C /* NetworkConnectionMonitor.swift in Sources */,
				CEC5DE882CB5535100F5EB4C /* NetworkError.swift in Sources */,
				CEC5DE892CB5535100F5EB4C /* DataParser.swift in Sources */,
				CEC5DEAD2CB57E0900F5EB4C /* APIToken.swift in Sources */,
				CEC5DE8A2CB5535100F5EB4C /* DataParserProtocol.swift in Sources */,
				CE5F96462CC03AC4007E6F3C /* PositionsResponse.swift in Sources */,
				CEC5DEB02CB57F9500F5EB4C /* AuthTokenRequest.swift in Sources */,
				CEC5DE8B2CB5535100F5EB4C /* RequestProtocol.swift in Sources */,
				CEC5DE8C2CB5535100F5EB4C /* RequestProtocol+Extensions.swift in Sources */,
				CE5F96652CC55B15007E6F3C /* SourceType.swift in Sources */,
				CE5F96532CC4DE61007E6F3C /* PositionToggleView.swift in Sources */,
				CE5F96412CBFFC39007E6F3C /* Constants.swift in Sources */,
				CE5F96442CC0384D007E6F3C /* UserPositionsRequest.swift in Sources */,
				CEC5DE8D2CB5535100F5EB4C /* RequestType.swift in Sources */,
				CEC5DE8E2CB5535100F5EB4C /* ApiConstants.swift in Sources */,
				CEC5DE8F2CB5535100F5EB4C /* RegistrationView.swift in Sources */,
				CEC5DE902CB5535100F5EB4C /* RegistrationViewModel.swift in Sources */,
				CEC5DE912CB5535100F5EB4C /* HeaderTextView.swift in Sources */,
				CEC5DE922CB5535100F5EB4C /* MainTabBarView.swift in Sources */,
				CE5F963F2CBFBD9A007E6F3C /* FieldState.swift in Sources */,
				CE5F96582CC503FC007E6F3C /* UserPositionSectionView.swift in Sources */,
				CEC5DE932CB5535100F5EB4C /* TabBarItemView.swift in Sources */,
				CEC5DEA02CB55F3000F5EB4C /* UsersRequest.swift in Sources */,
				CEC5DEBB2CB5CE0300F5EB4C /* UsersListView.swift in Sources */,
				CEC5DE942CB5535100F5EB4C /* TabbedItems.swift in Sources */,
				CEC5DE952CB5535100F5EB4C /* NoConnectionView.swift in Sources */,
				CEC5DE962CB5535100F5EB4C /* UsersView.swift in Sources */,
				CEC5DE972CB5535100F5EB4C /* UsersViewModel.swift in Sources */,
				CE5F96632CC53378007E6F3C /* PhotoPickerMenuView.swift in Sources */,
				CEC5DE982CB5535100F5EB4C /* PrimaryFilledButtonStyle.swift in Sources */,
				CE5F96562CC501E4007E6F3C /* UserCredentialsSectionView.swift in Sources */,
				CEC5DE992CB5535100F5EB4C /* AbzTESTTASKApp.swift in Sources */,
				CEC5DE9A2CB5535100F5EB4C /* ContentView.swift in Sources */,
			);
			runOnlyForDeploymentPostprocessing = 0;
		};
/* End PBXSourcesBuildPhase section */

/* Begin XCBuildConfiguration section */
		CEEB14462CABE50400FA0F65 /* Debug */ = {
			isa = XCBuildConfiguration;
			buildSettings = {
				ALWAYS_SEARCH_USER_PATHS = NO;
				ASSETCATALOG_COMPILER_GENERATE_SWIFT_ASSET_SYMBOL_EXTENSIONS = YES;
				CLANG_ANALYZER_NONNULL = YES;
				CLANG_ANALYZER_NUMBER_OBJECT_CONVERSION = YES_AGGRESSIVE;
				CLANG_CXX_LANGUAGE_STANDARD = "gnu++20";
				CLANG_ENABLE_MODULES = YES;
				CLANG_ENABLE_OBJC_ARC = YES;
				CLANG_ENABLE_OBJC_WEAK = YES;
				CLANG_WARN_BLOCK_CAPTURE_AUTORELEASING = YES;
				CLANG_WARN_BOOL_CONVERSION = YES;
				CLANG_WARN_COMMA = YES;
				CLANG_WARN_CONSTANT_CONVERSION = YES;
				CLANG_WARN_DEPRECATED_OBJC_IMPLEMENTATIONS = YES;
				CLANG_WARN_DIRECT_OBJC_ISA_USAGE = YES_ERROR;
				CLANG_WARN_DOCUMENTATION_COMMENTS = YES;
				CLANG_WARN_EMPTY_BODY = YES;
				CLANG_WARN_ENUM_CONVERSION = YES;
				CLANG_WARN_INFINITE_RECURSION = YES;
				CLANG_WARN_INT_CONVERSION = YES;
				CLANG_WARN_NON_LITERAL_NULL_CONVERSION = YES;
				CLANG_WARN_OBJC_IMPLICIT_RETAIN_SELF = YES;
				CLANG_WARN_OBJC_LITERAL_CONVERSION = YES;
				CLANG_WARN_OBJC_ROOT_CLASS = YES_ERROR;
				CLANG_WARN_QUOTED_INCLUDE_IN_FRAMEWORK_HEADER = YES;
				CLANG_WARN_RANGE_LOOP_ANALYSIS = YES;
				CLANG_WARN_STRICT_PROTOTYPES = YES;
				CLANG_WARN_SUSPICIOUS_MOVE = YES;
				CLANG_WARN_UNGUARDED_AVAILABILITY = YES_AGGRESSIVE;
				CLANG_WARN_UNREACHABLE_CODE = YES;
				CLANG_WARN__DUPLICATE_METHOD_MATCH = YES;
				COPY_PHASE_STRIP = NO;
				DEBUG_INFORMATION_FORMAT = dwarf;
				ENABLE_STRICT_OBJC_MSGSEND = YES;
				ENABLE_TESTABILITY = YES;
				ENABLE_USER_SCRIPT_SANDBOXING = YES;
				GCC_C_LANGUAGE_STANDARD = gnu17;
				GCC_DYNAMIC_NO_PIC = NO;
				GCC_NO_COMMON_BLOCKS = YES;
				GCC_OPTIMIZATION_LEVEL = 0;
				GCC_PREPROCESSOR_DEFINITIONS = (
					"DEBUG=1",
					"$(inherited)",
				);
				GCC_WARN_64_TO_32_BIT_CONVERSION = YES;
				GCC_WARN_ABOUT_RETURN_TYPE = YES_ERROR;
				GCC_WARN_UNDECLARED_SELECTOR = YES;
				GCC_WARN_UNINITIALIZED_AUTOS = YES_AGGRESSIVE;
				GCC_WARN_UNUSED_FUNCTION = YES;
				GCC_WARN_UNUSED_VARIABLE = YES;
				IPHONEOS_DEPLOYMENT_TARGET = 18.0;
				LOCALIZATION_PREFERS_STRING_CATALOGS = YES;
				MTL_ENABLE_DEBUG_INFO = INCLUDE_SOURCE;
				MTL_FAST_MATH = YES;
				ONLY_ACTIVE_ARCH = YES;
				SDKROOT = iphoneos;
				SWIFT_ACTIVE_COMPILATION_CONDITIONS = "DEBUG $(inherited)";
				SWIFT_EMIT_LOC_STRINGS = YES;
				SWIFT_OPTIMIZATION_LEVEL = "-Onone";
			};
			name = Debug;
		};
		CEEB14472CABE50400FA0F65 /* Release */ = {
			isa = XCBuildConfiguration;
			buildSettings = {
				ALWAYS_SEARCH_USER_PATHS = NO;
				ASSETCATALOG_COMPILER_GENERATE_SWIFT_ASSET_SYMBOL_EXTENSIONS = YES;
				CLANG_ANALYZER_NONNULL = YES;
				CLANG_ANALYZER_NUMBER_OBJECT_CONVERSION = YES_AGGRESSIVE;
				CLANG_CXX_LANGUAGE_STANDARD = "gnu++20";
				CLANG_ENABLE_MODULES = YES;
				CLANG_ENABLE_OBJC_ARC = YES;
				CLANG_ENABLE_OBJC_WEAK = YES;
				CLANG_WARN_BLOCK_CAPTURE_AUTORELEASING = YES;
				CLANG_WARN_BOOL_CONVERSION = YES;
				CLANG_WARN_COMMA = YES;
				CLANG_WARN_CONSTANT_CONVERSION = YES;
				CLANG_WARN_DEPRECATED_OBJC_IMPLEMENTATIONS = YES;
				CLANG_WARN_DIRECT_OBJC_ISA_USAGE = YES_ERROR;
				CLANG_WARN_DOCUMENTATION_COMMENTS = YES;
				CLANG_WARN_EMPTY_BODY = YES;
				CLANG_WARN_ENUM_CONVERSION = YES;
				CLANG_WARN_INFINITE_RECURSION = YES;
				CLANG_WARN_INT_CONVERSION = YES;
				CLANG_WARN_NON_LITERAL_NULL_CONVERSION = YES;
				CLANG_WARN_OBJC_IMPLICIT_RETAIN_SELF = YES;
				CLANG_WARN_OBJC_LITERAL_CONVERSION = YES;
				CLANG_WARN_OBJC_ROOT_CLASS = YES_ERROR;
				CLANG_WARN_QUOTED_INCLUDE_IN_FRAMEWORK_HEADER = YES;
				CLANG_WARN_RANGE_LOOP_ANALYSIS = YES;
				CLANG_WARN_STRICT_PROTOTYPES = YES;
				CLANG_WARN_SUSPICIOUS_MOVE = YES;
				CLANG_WARN_UNGUARDED_AVAILABILITY = YES_AGGRESSIVE;
				CLANG_WARN_UNREACHABLE_CODE = YES;
				CLANG_WARN__DUPLICATE_METHOD_MATCH = YES;
				COPY_PHASE_STRIP = NO;
				DEBUG_INFORMATION_FORMAT = "dwarf-with-dsym";
				ENABLE_NS_ASSERTIONS = NO;
				ENABLE_STRICT_OBJC_MSGSEND = YES;
				ENABLE_USER_SCRIPT_SANDBOXING = YES;
				GCC_C_LANGUAGE_STANDARD = gnu17;
				GCC_NO_COMMON_BLOCKS = YES;
				GCC_WARN_64_TO_32_BIT_CONVERSION = YES;
				GCC_WARN_ABOUT_RETURN_TYPE = YES_ERROR;
				GCC_WARN_UNDECLARED_SELECTOR = YES;
				GCC_WARN_UNINITIALIZED_AUTOS = YES_AGGRESSIVE;
				GCC_WARN_UNUSED_FUNCTION = YES;
				GCC_WARN_UNUSED_VARIABLE = YES;
				IPHONEOS_DEPLOYMENT_TARGET = 18.0;
				LOCALIZATION_PREFERS_STRING_CATALOGS = YES;
				MTL_ENABLE_DEBUG_INFO = NO;
				MTL_FAST_MATH = YES;
				SDKROOT = iphoneos;
				SWIFT_COMPILATION_MODE = wholemodule;
				SWIFT_EMIT_LOC_STRINGS = YES;
				VALIDATE_PRODUCT = YES;
			};
			name = Release;
		};
		CEEB14492CABE50400FA0F65 /* Debug */ = {
			isa = XCBuildConfiguration;
			buildSettings = {
				ASSETCATALOG_COMPILER_APPICON_NAME = AppIcon;
				ASSETCATALOG_COMPILER_GLOBAL_ACCENT_COLOR_NAME = AccentColor;
				CODE_SIGN_STYLE = Automatic;
				CURRENT_PROJECT_VERSION = 1;
				DEVELOPMENT_ASSET_PATHS = "\"AbzTESTTASK/Preview Content\"";
				DEVELOPMENT_TEAM = 959584M69M;
				ENABLE_PREVIEWS = YES;
				GENERATE_INFOPLIST_FILE = YES;
				INFOPLIST_FILE = AbzTESTTASK/Info.plist;
				INFOPLIST_KEY_NSCameraUsageDescription = lknevkrjblkejbnrververv;
				INFOPLIST_KEY_UIApplicationSceneManifest_Generation = YES;
				INFOPLIST_KEY_UIApplicationSupportsIndirectInputEvents = YES;
				INFOPLIST_KEY_UISupportedInterfaceOrientations_iPad = "UIInterfaceOrientationPortrait UIInterfaceOrientationPortraitUpsideDown UIInterfaceOrientationLandscapeLeft UIInterfaceOrientationLandscapeRight";
				INFOPLIST_KEY_UISupportedInterfaceOrientations_iPhone = "UIInterfaceOrientationPortrait UIInterfaceOrientationLandscapeLeft UIInterfaceOrientationLandscapeRight";
				IPHONEOS_DEPLOYMENT_TARGET = 17.0;
				LD_RUNPATH_SEARCH_PATHS = (
					"$(inherited)",
					"@executable_path/Frameworks",
				);
				MARKETING_VERSION = 1.0;
				PRODUCT_BUNDLE_IDENTIFIER = ivanmagda.AbzTESTTASK;
				PRODUCT_NAME = "$(TARGET_NAME)";
				SWIFT_EMIT_LOC_STRINGS = YES;
				SWIFT_VERSION = 5.0;
				TARGETED_DEVICE_FAMILY = "1,2";
			};
			name = Debug;
		};
		CEEB144A2CABE50400FA0F65 /* Release */ = {
			isa = XCBuildConfiguration;
			buildSettings = {
				ASSETCATALOG_COMPILER_APPICON_NAME = AppIcon;
				ASSETCATALOG_COMPILER_GLOBAL_ACCENT_COLOR_NAME = AccentColor;
				CODE_SIGN_STYLE = Automatic;
				CURRENT_PROJECT_VERSION = 1;
				DEVELOPMENT_ASSET_PATHS = "\"AbzTESTTASK/Preview Content\"";
				DEVELOPMENT_TEAM = 959584M69M;
				ENABLE_PREVIEWS = YES;
				GENERATE_INFOPLIST_FILE = YES;
				INFOPLIST_FILE = AbzTESTTASK/Info.plist;
				INFOPLIST_KEY_NSCameraUsageDescription = lknevkrjblkejbnrververv;
				INFOPLIST_KEY_UIApplicationSceneManifest_Generation = YES;
				INFOPLIST_KEY_UIApplicationSupportsIndirectInputEvents = YES;
				INFOPLIST_KEY_UISupportedInterfaceOrientations_iPad = "UIInterfaceOrientationPortrait UIInterfaceOrientationPortraitUpsideDown UIInterfaceOrientationLandscapeLeft UIInterfaceOrientationLandscapeRight";
				INFOPLIST_KEY_UISupportedInterfaceOrientations_iPhone = "UIInterfaceOrientationPortrait UIInterfaceOrientationLandscapeLeft UIInterfaceOrientationLandscapeRight";
				IPHONEOS_DEPLOYMENT_TARGET = 17.0;
				LD_RUNPATH_SEARCH_PATHS = (
					"$(inherited)",
					"@executable_path/Frameworks",
				);
				MARKETING_VERSION = 1.0;
				PRODUCT_BUNDLE_IDENTIFIER = ivanmagda.AbzTESTTASK;
				PRODUCT_NAME = "$(TARGET_NAME)";
				SWIFT_EMIT_LOC_STRINGS = YES;
				SWIFT_VERSION = 5.0;
				TARGETED_DEVICE_FAMILY = "1,2";
			};
			name = Release;
		};
/* End XCBuildConfiguration section */

/* Begin XCConfigurationList section */
		CEEB14352CABE50200FA0F65 /* Build configuration list for PBXProject "AbzTESTTASK" */ = {
			isa = XCConfigurationList;
			buildConfigurations = (
				CEEB14462CABE50400FA0F65 /* Debug */,
				CEEB14472CABE50400FA0F65 /* Release */,
			);
			defaultConfigurationIsVisible = 0;
			defaultConfigurationName = Release;
		};
		CEEB14482CABE50400FA0F65 /* Build configuration list for PBXNativeTarget "AbzTESTTASK" */ = {
			isa = XCConfigurationList;
			buildConfigurations = (
				CEEB14492CABE50400FA0F65 /* Debug */,
				CEEB144A2CABE50400FA0F65 /* Release */,
			);
			defaultConfigurationIsVisible = 0;
			defaultConfigurationName = Release;
		};
/* End XCConfigurationList section */
	};
	rootObject = CEEB14322CABE50200FA0F65 /* Project object */;
}
